
Microsoft Visual Studio Solution File, Format Version 12.00
# Visual Studio Version 17
VisualStudioVersion = 17.7.34202.233
MinimumVisualStudioVersion = 10.0.40219.1
Project("{9A19103F-16F7-4668-BE54-9A1E7A4F7556}") = "Variable", "Variable.csproj", "{CE59C288-0A54-41A5-8565-D7592ED6D0B9}"
EndProject
Project("{9A19103F-16F7-4668-BE54-9A1E7A4F7556}") = "TypeConversion", "..\TypeConversion\TypeConversion.csproj", "{20E800A2-2311-40FC-877A-A1A995966139}"
EndProject
Project("{9A19103F-16F7-4668-BE54-9A1E7A4F7556}") = "Operators", "..\Operators\Operators.csproj", "{2189082D-46CB-4792-90F4-CD6E1C454969}"
EndProject
Project("{9A19103F-16F7-4668-BE54-9A1E7A4F7556}") = "CSharpFundamentals", "..\CSharpFundamentals\CSharpFundamentals.csproj", "{EFCB0053-37E1-4F19-A8CE-489ADBB5A976}"
EndProject
Project("{9A19103F-16F7-4668-BE54-9A1E7A4F7556}") = "Strings", "..\Strings\Strings.csproj", "{76D297A4-3CB1-4A3F-92F3-D17B03103C54}"
EndProject
Project("{9A19103F-16F7-4668-BE54-9A1E7A4F7556}") = "Enums", "..\Enums\Enums.csproj", "{6731F638-28D8-413C-92B0-8795E175EBAE}"
EndProject
Project("{9A19103F-16F7-4668-BE54-9A1E7A4F7556}") = "ReferenceTypes_ValueTypes", "..\ReferenceTypes_ValueTypes\ReferenceTypes_ValueTypes.csproj", "{2FBBD21A-0D28-40C4-A402-AF4C62CC701A}"
EndProject
Project("{9A19103F-16F7-4668-BE54-9A1E7A4F7556}") = "ControlFlow", "..\ControlFlow\ControlFlow.csproj", "{4FBB4D18-9AA7-493F-ACDA-FD5DA244C759}"
EndProject
Project("{9A19103F-16F7-4668-BE54-9A1E7A4F7556}") = "Iterations", "..\Iterations\Iterations.csproj", "{CAC2056D-3D4B-47FA-9D58-D4BE122AF447}"
EndProject
Project("{9A19103F-16F7-4668-BE54-9A1E7A4F7556}") = "RandomCLass", "..\Random\RandomCLass.csproj", "{3829359E-B936-43A2-852E-05E51A6E1DFD}"
EndProject
Project("{9A19103F-16F7-4668-BE54-9A1E7A4F7556}") = "Exercises", "..\Exercises\Exercises.csproj", "{AE66EEEF-77EE-4A9C-A938-FA9BC110C5AB}"
EndProject
Project("{FAE04EC0-301F-11D3-BF4B-00C04F79EFBC}") = "Arrays&Lists", "..\Arrays&Lists\Arrays&Lists.csproj", "{89610D37-F374-4652-A77B-33B023EE0445}"
EndProject
Project("{FAE04EC0-301F-11D3-BF4B-00C04F79EFBC}") = "DateTimeAndTimeSpan", "..\DateTime\DateTimeAndTimeSpan.csproj", "{D720525C-6354-4692-B0E5-C4D970F638CC}"
EndProject
Global
	GlobalSection(SolutionConfigurationPlatforms) = preSolution
		Debug|Any CPU = Debug|Any CPU
		Release|Any CPU = Release|Any CPU
	EndGlobalSection
	GlobalSection(ProjectConfigurationPlatforms) = postSolution
		{CE59C288-0A54-41A5-8565-D7592ED6D0B9}.Debug|Any CPU.ActiveCfg = Debug|Any CPU
		{CE59C288-0A54-41A5-8565-D7592ED6D0B9}.Debug|Any CPU.Build.0 = Debug|Any CPU
		{CE59C288-0A54-41A5-8565-D7592ED6D0B9}.Release|Any CPU.ActiveCfg = Release|Any CPU
		{CE59C288-0A54-41A5-8565-D7592ED6D0B9}.Release|Any CPU.Build.0 = Release|Any CPU
		{20E800A2-2311-40FC-877A-A1A995966139}.Debug|Any CPU.ActiveCfg = Debug|Any CPU
		{20E800A2-2311-40FC-877A-A1A995966139}.Debug|Any CPU.Build.0 = Debug|Any CPU
		{20E800A2-2311-40FC-877A-A1A995966139}.Release|Any CPU.ActiveCfg = Release|Any CPU
		{20E800A2-2311-40FC-877A-A1A995966139}.Release|Any CPU.Build.0 = Release|Any CPU
		{2189082D-46CB-4792-90F4-CD6E1C454969}.Debug|Any CPU.ActiveCfg = Debug|Any CPU
		{2189082D-46CB-4792-90F4-CD6E1C454969}.Debug|Any CPU.Build.0 = Debug|Any CPU
		{2189082D-46CB-4792-90F4-CD6E1C454969}.Release|Any CPU.ActiveCfg = Release|Any CPU
		{2189082D-46CB-4792-90F4-CD6E1C454969}.Release|Any CPU.Build.0 = Release|Any CPU
		{EFCB0053-37E1-4F19-A8CE-489ADBB5A976}.Debug|Any CPU.ActiveCfg = Debug|Any CPU
		{EFCB0053-37E1-4F19-A8CE-489ADBB5A976}.Debug|Any CPU.Build.0 = Debug|Any CPU
		{EFCB0053-37E1-4F19-A8CE-489ADBB5A976}.Release|Any CPU.ActiveCfg = Release|Any CPU
		{EFCB0053-37E1-4F19-A8CE-489ADBB5A976}.Release|Any CPU.Build.0 = Release|Any CPU
		{76D297A4-3CB1-4A3F-92F3-D17B03103C54}.Debug|Any CPU.ActiveCfg = Debug|Any CPU
		{76D297A4-3CB1-4A3F-92F3-D17B03103C54}.Debug|Any CPU.Build.0 = Debug|Any CPU
		{76D297A4-3CB1-4A3F-92F3-D17B03103C54}.Release|Any CPU.ActiveCfg = Release|Any CPU
		{76D297A4-3CB1-4A3F-92F3-D17B03103C54}.Release|Any CPU.Build.0 = Release|Any CPU
		{6731F638-28D8-413C-92B0-8795E175EBAE}.Debug|Any CPU.ActiveCfg = Debug|Any CPU
		{6731F638-28D8-413C-92B0-8795E175EBAE}.Debug|Any CPU.Build.0 = Debug|Any CPU
		{6731F638-28D8-413C-92B0-8795E175EBAE}.Release|Any CPU.ActiveCfg = Release|Any CPU
		{6731F638-28D8-413C-92B0-8795E175EBAE}.Release|Any CPU.Build.0 = Release|Any CPU
		{2FBBD21A-0D28-40C4-A402-AF4C62CC701A}.Debug|Any CPU.ActiveCfg = Debug|Any CPU
		{2FBBD21A-0D28-40C4-A402-AF4C62CC701A}.Debug|Any CPU.Build.0 = Debug|Any CPU
		{2FBBD21A-0D28-40C4-A402-AF4C62CC701A}.Release|Any CPU.ActiveCfg = Release|Any CPU
		{2FBBD21A-0D28-40C4-A402-AF4C62CC701A}.Release|Any CPU.Build.0 = Release|Any CPU
		{4FBB4D18-9AA7-493F-ACDA-FD5DA244C759}.Debug|Any CPU.ActiveCfg = Debug|Any CPU
		{4FBB4D18-9AA7-493F-ACDA-FD5DA244C759}.Debug|Any CPU.Build.0 = Debug|Any CPU
		{4FBB4D18-9AA7-493F-ACDA-FD5DA244C759}.Release|Any CPU.ActiveCfg = Release|Any CPU
		{4FBB4D18-9AA7-493F-ACDA-FD5DA244C759}.Release|Any CPU.Build.0 = Release|Any CPU
		{CAC2056D-3D4B-47FA-9D58-D4BE122AF447}.Debug|Any CPU.ActiveCfg = Debug|Any CPU
		{CAC2056D-3D4B-47FA-9D58-D4BE122AF447}.Debug|Any CPU.Build.0 = Debug|Any CPU
		{CAC2056D-3D4B-47FA-9D58-D4BE122AF447}.Release|Any CPU.ActiveCfg = Release|Any CPU
		{CAC2056D-3D4B-47FA-9D58-D4BE122AF447}.Release|Any CPU.Build.0 = Release|Any CPU
		{3829359E-B936-43A2-852E-05E51A6E1DFD}.Debug|Any CPU.ActiveCfg = Debug|Any CPU
		{3829359E-B936-43A2-852E-05E51A6E1DFD}.Debug|Any CPU.Build.0 = Debug|Any CPU
		{3829359E-B936-43A2-852E-05E51A6E1DFD}.Release|Any CPU.ActiveCfg = Release|Any CPU
		{3829359E-B936-43A2-852E-05E51A6E1DFD}.Release|Any CPU.Build.0 = Release|Any CPU
		{AE66EEEF-77EE-4A9C-A938-FA9BC110C5AB}.Debug|Any CPU.ActiveCfg = Debug|Any CPU
		{AE66EEEF-77EE-4A9C-A938-FA9BC110C5AB}.Debug|Any CPU.Build.0 = Debug|Any CPU
		{AE66EEEF-77EE-4A9C-A938-FA9BC110C5AB}.Release|Any CPU.ActiveCfg = Release|Any CPU
		{AE66EEEF-77EE-4A9C-A938-FA9BC110C5AB}.Release|Any CPU.Build.0 = Release|Any CPU
		{89610D37-F374-4652-A77B-33B023EE0445}.Debug|Any CPU.ActiveCfg = Debug|Any CPU
		{89610D37-F374-4652-A77B-33B023EE0445}.Debug|Any CPU.Build.0 = Debug|Any CPU
		{89610D37-F374-4652-A77B-33B023EE0445}.Release|Any CPU.ActiveCfg = Release|Any CPU
		{89610D37-F374-4652-A77B-33B023EE0445}.Release|Any CPU.Build.0 = Release|Any CPU
		{D720525C-6354-4692-B0E5-C4D970F638CC}.Debug|Any CPU.ActiveCfg = Debug|Any CPU
		{D720525C-6354-4692-B0E5-C4D970F638CC}.Debug|Any CPU.Build.0 = Debug|Any CPU
		{D720525C-6354-4692-B0E5-C4D970F638CC}.Release|Any CPU.ActiveCfg = Release|Any CPU
		{D720525C-6354-4692-B0E5-C4D970F638CC}.Release|Any CPU.Build.0 = Release|Any CPU
	EndGlobalSection
	GlobalSection(SolutionProperties) = preSolution
		HideSolutionNode = FALSE
	EndGlobalSection
	GlobalSection(ExtensibilityGlobals) = postSolution
		SolutionGuid = {C0348362-08C8-4C3D-A706-1184756A894F}
	EndGlobalSection
EndGlobal
